
Microsoft Visual Studio Solution File, Format Version 12.00
# Visual Studio Version 17
VisualStudioVersion = 17.5.33516.290
MinimumVisualStudioVersion = 10.0.40219.1
Project("{8BC9CEB8-8B4A-11D0-8D11-00A0C91BC942}") = "OpenGL005", "OpenGL005\OpenGL005.vcxproj", "{E2751F39-96FE-4938-B14F-49AF449F7097}"
EndProject
Global
	GlobalSection(SolutionConfigurationPlatforms) = preSolution
		Debug|x64 = Debug|x64
		Debug|x86 = Debug|x86
		Release|x64 = Release|x64
		Release|x86 = Release|x86
	EndGlobalSection
	GlobalSection(ProjectConfigurationPlatforms) = postSolution
		{E2751F39-96FE-4938-B14F-49AF449F7097}.Debug|x64.ActiveCfg = Debug|x64
		{E2751F39-96FE-4938-B14F-49AF449F7097}.Debug|x64.Build.0 = Debug|x64
		{E2751F39-96FE-4938-B14F-49AF449F7097}.Debug|x86.ActiveCfg = Debug|Win32
		{E2751F39-96FE-4938-B14F-49AF449F7097}.Debug|x86.Build.0 = Debug|Win32
		{E2751F39-96FE-4938-B14F-49AF449F7097}.Release|x64.ActiveCfg = Release|x64
		{E2751F39-96FE-4938-B14F-49AF449F7097}.Release|x64.Build.0 = Release|x64
		{E2751F39-96FE-4938-B14F-49AF449F7097}.Release|x86.ActiveCfg = Release|Win32
		{E2751F39-96FE-4938-B14F-49AF449F7097}.Release|x86.Build.0 = Release|Win32
	EndGlobalSection
	GlobalSection(SolutionProperties) = preSolution
		HideSolutionNode = FALSE
	EndGlobalSection
	GlobalSection(ExtensibilityGlobals) = postSolution
		SolutionGuid = {26362264-F16C-4E06-BD3C-F71944B08ED9}
	EndGlobalSection
EndGlobal
